
Microsoft Visual Studio Solution File, Format Version 12.00
Project("{FAE04EC0-301F-11D3-BF4B-00C04F79EFBC}") = "Client", "Client\Client.csproj", "{3EF18931-E10D-4959-A0F5-17C6D1C12C21}"
EndProject
Project("{FAE04EC0-301F-11D3-BF4B-00C04F79EFBC}") = "Server", "Server\Server.csproj", "{7D976E96-015B-4A4B-B504-2C4DF8147D30}"
EndProject
Global
	GlobalSection(SolutionConfigurationPlatforms) = preSolution
		Debug|Any CPU = Debug|Any CPU
		Release|Any CPU = Release|Any CPU
	EndGlobalSection
	GlobalSection(ProjectConfigurationPlatforms) = postSolution
		{3EF18931-E10D-4959-A0F5-17C6D1C12C21}.Debug|Any CPU.ActiveCfg = Debug|Any CPU
		{3EF18931-E10D-4959-A0F5-17C6D1C12C21}.Debug|Any CPU.Build.0 = Debug|Any CPU
		{3EF18931-E10D-4959-A0F5-17C6D1C12C21}.Release|Any CPU.ActiveCfg = Release|Any CPU
		{3EF18931-E10D-4959-A0F5-17C6D1C12C21}.Release|Any CPU.Build.0 = Release|Any CPU
		{7D976E96-015B-4A4B-B504-2C4DF8147D30}.Debug|Any CPU.ActiveCfg = Debug|Any CPU
		{7D976E96-015B-4A4B-B504-2C4DF8147D30}.Debug|Any CPU.Build.0 = Debug|Any CPU
		{7D976E96-015B-4A4B-B504-2C4DF8147D30}.Release|Any CPU.ActiveCfg = Release|Any CPU
		{7D976E96-015B-4A4B-B504-2C4DF8147D30}.Release|Any CPU.Build.0 = Release|Any CPU
	EndGlobalSection
EndGlobal
